// !$*UTF8*$!
{
	archiveVersion = 1;
	classes = {
	};
	objectVersion = 46;
	objects = {

/* Begin PBXBuildFile section */
		867F289E1C43F84C00F79E4C /* NewProductViewController.swift in Sources */ = {isa = PBXBuildFile; fileRef = 867F289D1C43F84C00F79E4C /* NewProductViewController.swift */; };
		86C4FE991C3E9B7B0089F781 /* AppDelegate.swift in Sources */ = {isa = PBXBuildFile; fileRef = 86C4FE981C3E9B7B0089F781 /* AppDelegate.swift */; };
		86C4FE9B1C3E9B7B0089F781 /* ViewController.swift in Sources */ = {isa = PBXBuildFile; fileRef = 86C4FE9A1C3E9B7B0089F781 /* ViewController.swift */; };
		86C4FE9E1C3E9B7B0089F781 /* Main.storyboard in Resources */ = {isa = PBXBuildFile; fileRef = 86C4FE9C1C3E9B7B0089F781 /* Main.storyboard */; };
		86C4FEA11C3E9B7B0089F781 /* ProductWishlist.xcdatamodeld in Sources */ = {isa = PBXBuildFile; fileRef = 86C4FE9F1C3E9B7B0089F781 /* ProductWishlist.xcdatamodeld */; };
		86C4FEA31C3E9B7B0089F781 /* Assets.xcassets in Resources */ = {isa = PBXBuildFile; fileRef = 86C4FEA21C3E9B7B0089F781 /* Assets.xcassets */; };
		86C4FEA61C3E9B7B0089F781 /* LaunchScreen.storyboard in Resources */ = {isa = PBXBuildFile; fileRef = 86C4FEA41C3E9B7B0089F781 /* LaunchScreen.storyboard */; };
		86C4FEB11C3E9B7B0089F781 /* ProductWishlistTests.swift in Sources */ = {isa = PBXBuildFile; fileRef = 86C4FEB01C3E9B7B0089F781 /* ProductWishlistTests.swift */; };
		86C4FEBC1C3E9B7C0089F781 /* ProductWishlistUITests.swift in Sources */ = {isa = PBXBuildFile; fileRef = 86C4FEBB1C3E9B7C0089F781 /* ProductWishlistUITests.swift */; };
		86C4FECB1C3EAAEB0089F781 /* Products+CoreDataProperties.swift in Sources */ = {isa = PBXBuildFile; fileRef = 86C4FEC91C3EAAEB0089F781 /* Products+CoreDataProperties.swift */; };
		86C4FECC1C3EAAEB0089F781 /* Products.swift in Sources */ = {isa = PBXBuildFile; fileRef = 86C4FECA1C3EAAEB0089F781 /* Products.swift */; };
		86C4FECE1C3EADF80089F781 /* Butters-SPG.png in Resources */ = {isa = PBXBuildFile; fileRef = 86C4FECD1C3EADF80089F781 /* Butters-SPG.png */; };
		86C4FED01C3EB29F0089F781 /* ProductDetailViewController.swift in Sources */ = {isa = PBXBuildFile; fileRef = 86C4FECF1C3EB29F0089F781 /* ProductDetailViewController.swift */; };
/* End PBXBuildFile section */

/* Begin PBXContainerItemProxy section */
		86C4FEAD1C3E9B7B0089F781 /* PBXContainerItemProxy */ = {
			isa = PBXContainerItemProxy;
			containerPortal = 86C4FE8D1C3E9B7B0089F781 /* Project object */;
			proxyType = 1;
			remoteGlobalIDString = 86C4FE941C3E9B7B0089F781;
			remoteInfo = ProductWishlist;
		};
		86C4FEB81C3E9B7B0089F781 /* PBXContainerItemProxy */ = {
			isa = PBXContainerItemProxy;
			containerPortal = 86C4FE8D1C3E9B7B0089F781 /* Project object */;
			proxyType = 1;
			remoteGlobalIDString = 86C4FE941C3E9B7B0089F781;
			remoteInfo = ProductWishlist;
		};
/* End PBXContainerItemProxy section */

/* Begin PBXFileReference section */
		867F289D1C43F84C00F79E4C /* NewProductViewController.swift */ = {isa = PBXFileReference; fileEncoding = 4; lastKnownFileType = sourcecode.swift; path = NewProductViewController.swift; sourceTree = "<group>"; };
		86C4FE951C3E9B7B0089F781 /* ProductWishlist.app */ = {isa = PBXFileReference; explicitFileType = wrapper.application; includeInIndex = 0; path = ProductWishlist.app; sourceTree = BUILT_PRODUCTS_DIR; };
		86C4FE981C3E9B7B0089F781 /* AppDelegate.swift */ = {isa = PBXFileReference; lastKnownFileType = sourcecode.swift; path = AppDelegate.swift; sourceTree = "<group>"; };
		86C4FE9A1C3E9B7B0089F781 /* ViewController.swift */ = {isa = PBXFileReference; lastKnownFileType = sourcecode.swift; path = ViewController.swift; sourceTree = "<group>"; };
		86C4FE9D1C3E9B7B0089F781 /* Base */ = {isa = PBXFileReference; lastKnownFileType = file.storyboard; name = Base; path = Base.lproj/Main.storyboard; sourceTree = "<group>"; };
		86C4FEA01C3E9B7B0089F781 /* ProductWishlist.xcdatamodel */ = {isa = PBXFileReference; lastKnownFileType = wrapper.xcdatamodel; path = ProductWishlist.xcdatamodel; sourceTree = "<group>"; };
		86C4FEA21C3E9B7B0089F781 /* Assets.xcassets */ = {isa = PBXFileReference; lastKnownFileType = folder.assetcatalog; path = Assets.xcassets; sourceTree = "<group>"; };
		86C4FEA51C3E9B7B0089F781 /* Base */ = {isa = PBXFileReference; lastKnownFileType = file.storyboard; name = Base; path = Base.lproj/LaunchScreen.storyboard; sourceTree = "<group>"; };
		86C4FEA71C3E9B7B0089F781 /* Info.plist */ = {isa = PBXFileReference; lastKnownFileType = text.plist.xml; path = Info.plist; sourceTree = "<group>"; };
		86C4FEAC1C3E9B7B0089F781 /* ProductWishlistTests.xctest */ = {isa = PBXFileReference; explicitFileType = wrapper.cfbundle; includeInIndex = 0; path = ProductWishlistTests.xctest; sourceTree = BUILT_PRODUCTS_DIR; };
		86C4FEB01C3E9B7B0089F781 /* ProductWishlistTests.swift */ = {isa = PBXFileReference; lastKnownFileType = sourcecode.swift; path = ProductWishlistTests.swift; sourceTree = "<group>"; };
		86C4FEB21C3E9B7B0089F781 /* Info.plist */ = {isa = PBXFileReference; lastKnownFileType = text.plist.xml; path = Info.plist; sourceTree = "<group>"; };
		86C4FEB71C3E9B7B0089F781 /* ProductWishlistUITests.xctest */ = {isa = PBXFileReference; explicitFileType = wrapper.cfbundle; includeInIndex = 0; path = ProductWishlistUITests.xctest; sourceTree = BUILT_PRODUCTS_DIR; };
		86C4FEBB1C3E9B7C0089F781 /* ProductWishlistUITests.swift */ = {isa = PBXFileReference; lastKnownFileType = sourcecode.swift; path = ProductWishlistUITests.swift; sourceTree = "<group>"; };
		86C4FEBD1C3E9B7C0089F781 /* Info.plist */ = {isa = PBXFileReference; lastKnownFileType = text.plist.xml; path = Info.plist; sourceTree = "<group>"; };
		86C4FEC91C3EAAEB0089F781 /* Products+CoreDataProperties.swift */ = {isa = PBXFileReference; fileEncoding = 4; lastKnownFileType = sourcecode.swift; path = "Products+CoreDataProperties.swift"; sourceTree = "<group>"; };
		86C4FECA1C3EAAEB0089F781 /* Products.swift */ = {isa = PBXFileReference; fileEncoding = 4; lastKnownFileType = sourcecode.swift; path = Products.swift; sourceTree = "<group>"; };
		86C4FECD1C3EADF80089F781 /* Butters-SPG.png */ = {isa = PBXFileReference; lastKnownFileType = image.png; name = "Butters-SPG.png"; path = "../../../Desktop/Butters-SPG.png"; sourceTree = "<group>"; };
		86C4FECF1C3EB29F0089F781 /* ProductDetailViewController.swift */ = {isa = PBXFileReference; fileEncoding = 4; lastKnownFileType = sourcecode.swift; path = ProductDetailViewController.swift; sourceTree = "<group>"; };
/* End PBXFileReference section */

/* Begin PBXFrameworksBuildPhase section */
		86C4FE921C3E9B7B0089F781 /* Frameworks */ = {
			isa = PBXFrameworksBuildPhase;
			buildActionMask = 2147483647;
			files = (
			);
			runOnlyForDeploymentPostprocessing = 0;
		};
		86C4FEA91C3E9B7B0089F781 /* Frameworks */ = {
			isa = PBXFrameworksBuildPhase;
			buildActionMask = 2147483647;
			files = (
			);
			runOnlyForDeploymentPostprocessing = 0;
		};
		86C4FEB41C3E9B7B0089F781 /* Frameworks */ = {
			isa = PBXFrameworksBuildPhase;
			buildActionMask = 2147483647;
			files = (
			);
			runOnlyForDeploymentPostprocessing = 0;
		};
/* End PBXFrameworksBuildPhase section */

/* Begin PBXGroup section */
		86C4FE8C1C3E9B7B0089F781 = {
			isa = PBXGroup;
			children = (
				86C4FEC91C3EAAEB0089F781 /* Products+CoreDataProperties.swift */,
				86C4FECA1C3EAAEB0089F781 /* Products.swift */,
				86C4FE971C3E9B7B0089F781 /* ProductWishlist */,
				86C4FEAF1C3E9B7B0089F781 /* ProductWishlistTests */,
				86C4FEBA1C3E9B7B0089F781 /* ProductWishlistUITests */,
				86C4FE961C3E9B7B0089F781 /* Products */,
			);
			sourceTree = "<group>";
		};
		86C4FE961C3E9B7B0089F781 /* Products */ = {
			isa = PBXGroup;
			children = (
				86C4FE951C3E9B7B0089F781 /* ProductWishlist.app */,
				86C4FEAC1C3E9B7B0089F781 /* ProductWishlistTests.xctest */,
				86C4FEB71C3E9B7B0089F781 /* ProductWishlistUITests.xctest */,
			);
			name = Products;
			sourceTree = "<group>";
		};
		86C4FE971C3E9B7B0089F781 /* ProductWishlist */ = {
			isa = PBXGroup;
			children = (
				86C4FECD1C3EADF80089F781 /* Butters-SPG.png */,
				86C4FE981C3E9B7B0089F781 /* AppDelegate.swift */,
				86C4FE9A1C3E9B7B0089F781 /* ViewController.swift */,
				86C4FECF1C3EB29F0089F781 /* ProductDetailViewController.swift */,
				867F289D1C43F84C00F79E4C /* NewProductViewController.swift */,
				86C4FE9C1C3E9B7B0089F781 /* Main.storyboard */,
				86C4FEA21C3E9B7B0089F781 /* Assets.xcassets */,
				86C4FEA41C3E9B7B0089F781 /* LaunchScreen.storyboard */,
				86C4FEA71C3E9B7B0089F781 /* Info.plist */,
				86C4FE9F1C3E9B7B0089F781 /* ProductWishlist.xcdatamodeld */,
			);
			path = ProductWishlist;
			sourceTree = "<group>";
		};
		86C4FEAF1C3E9B7B0089F781 /* ProductWishlistTests */ = {
			isa = PBXGroup;
			children = (
				86C4FEB01C3E9B7B0089F781 /* ProductWishlistTests.swift */,
				86C4FEB21C3E9B7B0089F781 /* Info.plist */,
			);
			path = ProductWishlistTests;
			sourceTree = "<group>";
		};
		86C4FEBA1C3E9B7B0089F781 /* ProductWishlistUITests */ = {
			isa = PBXGroup;
			children = (
				86C4FEBB1C3E9B7C0089F781 /* ProductWishlistUITests.swift */,
				86C4FEBD1C3E9B7C0089F781 /* Info.plist */,
			);
			path = ProductWishlistUITests;
			sourceTree = "<group>";
		};
/* End PBXGroup section */

/* Begin PBXNativeTarget section */
		86C4FE941C3E9B7B0089F781 /* ProductWishlist */ = {
			isa = PBXNativeTarget;
			buildConfigurationList = 86C4FEC01C3E9B7C0089F781 /* Build configuration list for PBXNativeTarget "ProductWishlist" */;
			buildPhases = (
				86C4FE911C3E9B7B0089F781 /* Sources */,
				86C4FE921C3E9B7B0089F781 /* Frameworks */,
				86C4FE931C3E9B7B0089F781 /* Resources */,
			);
			buildRules = (
			);
			dependencies = (
			);
			name = ProductWishlist;
			productName = ProductWishlist;
			productReference = 86C4FE951C3E9B7B0089F781 /* ProductWishlist.app */;
			productType = "com.apple.product-type.application";
		};
		86C4FEAB1C3E9B7B0089F781 /* ProductWishlistTests */ = {
			isa = PBXNativeTarget;
			buildConfigurationList = 86C4FEC31C3E9B7C0089F781 /* Build configuration list for PBXNativeTarget "ProductWishlistTests" */;
			buildPhases = (
				86C4FEA81C3E9B7B0089F781 /* Sources */,
				86C4FEA91C3E9B7B0089F781 /* Frameworks */,
				86C4FEAA1C3E9B7B0089F781 /* Resources */,
			);
			buildRules = (
			);
			dependencies = (
				86C4FEAE1C3E9B7B0089F781 /* PBXTargetDependency */,
			);
			name = ProductWishlistTests;
			productName = ProductWishlistTests;
			productReference = 86C4FEAC1C3E9B7B0089F781 /* ProductWishlistTests.xctest */;
			productType = "com.apple.product-type.bundle.unit-test";
		};
		86C4FEB61C3E9B7B0089F781 /* ProductWishlistUITests */ = {
			isa = PBXNativeTarget;
			buildConfigurationList = 86C4FEC61C3E9B7C0089F781 /* Build configuration list for PBXNativeTarget "ProductWishlistUITests" */;
			buildPhases = (
				86C4FEB31C3E9B7B0089F781 /* Sources */,
				86C4FEB41C3E9B7B0089F781 /* Frameworks */,
				86C4FEB51C3E9B7B0089F781 /* Resources */,
			);
			buildRules = (
			);
			dependencies = (
				86C4FEB91C3E9B7B0089F781 /* PBXTargetDependency */,
			);
			name = ProductWishlistUITests;
			productName = ProductWishlistUITests;
			productReference = 86C4FEB71C3E9B7B0089F781 /* ProductWishlistUITests.xctest */;
			productType = "com.apple.product-type.bundle.ui-testing";
		};
/* End PBXNativeTarget section */

/* Begin PBXProject section */
		86C4FE8D1C3E9B7B0089F781 /* Project object */ = {
			isa = PBXProject;
			attributes = {
				LastSwiftUpdateCheck = 0720;
				LastUpgradeCheck = 0720;
				ORGANIZATIONNAME = "Philip Bannon";
				TargetAttributes = {
					86C4FE941C3E9B7B0089F781 = {
						CreatedOnToolsVersion = 7.2;
						DevelopmentTeam = E8D8W4KSYZ;
					};
					86C4FEAB1C3E9B7B0089F781 = {
						CreatedOnToolsVersion = 7.2;
						DevelopmentTeam = E8D8W4KSYZ;
						TestTargetID = 86C4FE941C3E9B7B0089F781;
					};
					86C4FEB61C3E9B7B0089F781 = {
						CreatedOnToolsVersion = 7.2;
						DevelopmentTeam = E8D8W4KSYZ;
						TestTargetID = 86C4FE941C3E9B7B0089F781;
					};
				};
			};
			buildConfigurationList = 86C4FE901C3E9B7B0089F781 /* Build configuration list for PBXProject "ProductWishlist" */;
			compatibilityVersion = "Xcode 3.2";
			developmentRegion = English;
			hasScannedForEncodings = 0;
			knownRegions = (
				en,
				Base,
			);
			mainGroup = 86C4FE8C1C3E9B7B0089F781;
			productRefGroup = 86C4FE961C3E9B7B0089F781 /* Products */;
			projectDirPath = "";
			projectRoot = "";
			targets = (
				86C4FE941C3E9B7B0089F781 /* ProductWishlist */,
				86C4FEAB1C3E9B7B0089F781 /* ProductWishlistTests */,
				86C4FEB61C3E9B7B0089F781 /* ProductWishlistUITests */,
			);
		};
/* End PBXProject section */

/* Begin PBXResourcesBuildPhase section */
		86C4FE931C3E9B7B0089F781 /* Resources */ = {
			isa = PBXResourcesBuildPhase;
			buildActionMask = 2147483647;
			files = (
				86C4FEA61C3E9B7B0089F781 /* LaunchScreen.storyboard in Resources */,
				86C4FEA31C3E9B7B0089F781 /* Assets.xcassets in Resources */,
				86C4FECE1C3EADF80089F781 /* Butters-SPG.png in Resources */,
				86C4FE9E1C3E9B7B0089F781 /* Main.storyboard in Resources */,
			);
			runOnlyForDeploymentPostprocessing = 0;
		};
		86C4FEAA1C3E9B7B0089F781 /* Resources */ = {
			isa = PBXResourcesBuildPhase;
			buildActionMask = 2147483647;
			files = (
			);
			runOnlyForDeploymentPostprocessing = 0;
		};
		86C4FEB51C3E9B7B0089F781 /* Resources */ = {
			isa = PBXResourcesBuildPhase;
			buildActionMask = 2147483647;
			files = (
			);
			runOnlyForDeploymentPostprocessing = 0;
		};
/* End PBXResourcesBuildPhase section */

/* Begin PBXSourcesBuildPhase section */
		86C4FE911C3E9B7B0089F781 /* Sources */ = {
			isa = PBXSourcesBuildPhase;
			buildActionMask = 2147483647;
			files = (
				86C4FE9B1C3E9B7B0089F781 /* ViewController.swift in Sources */,
				86C4FECB1C3EAAEB0089F781 /* Products+CoreDataProperties.swift in Sources */,
				86C4FECC1C3EAAEB0089F781 /* Products.swift in Sources */,
				86C4FEA11C3E9B7B0089F781 /* ProductWishlist.xcdatamodeld in Sources */,
				867F289E1C43F84C00F79E4C /* NewProductViewController.swift in Sources */,
				86C4FE991C3E9B7B0089F781 /* AppDelegate.swift in Sources */,
				86C4FED01C3EB29F0089F781 /* ProductDetailViewController.swift in Sources */,
			);
			runOnlyForDeploymentPostprocessing = 0;
		};
		86C4FEA81C3E9B7B0089F781 /* Sources */ = {
			isa = PBXSourcesBuildPhase;
			buildActionMask = 2147483647;
			files = (
				86C4FEB11C3E9B7B0089F781 /* ProductWishlistTests.swift in Sources */,
			);
			runOnlyForDeploymentPostprocessing = 0;
		};
		86C4FEB31C3E9B7B0089F781 /* Sources */ = {
			isa = PBXSourcesBuildPhase;
			buildActionMask = 2147483647;
			files = (
				86C4FEBC1C3E9B7C0089F781 /* ProductWishlistUITests.swift in Sources */,
			);
			runOnlyForDeploymentPostprocessing = 0;
		};
/* End PBXSourcesBuildPhase section */

/* Begin PBXTargetDependency section */
		86C4FEAE1C3E9B7B0089F781 /* PBXTargetDependency */ = {
			isa = PBXTargetDependency;
			target = 86C4FE941C3E9B7B0089F781 /* ProductWishlist */;
			targetProxy = 86C4FEAD1C3E9B7B0089F781 /* PBXContainerItemProxy */;
		};
		86C4FEB91C3E9B7B0089F781 /* PBXTargetDependency */ = {
			isa = PBXTargetDependency;
			target = 86C4FE941C3E9B7B0089F781 /* ProductWishlist */;
			targetProxy = 86C4FEB81C3E9B7B0089F781 /* PBXContainerItemProxy */;
		};
/* End PBXTargetDependency section */

/* Begin PBXVariantGroup section */
		86C4FE9C1C3E9B7B0089F781 /* Main.storyboard */ = {
			isa = PBXVariantGroup;
			children = (
				86C4FE9D1C3E9B7B0089F781 /* Base */,
			);
			name = Main.storyboard;
			sourceTree = "<group>";
		};
		86C4FEA41C3E9B7B0089F781 /* LaunchScreen.storyboard */ = {
			isa = PBXVariantGroup;
			children = (
				86C4FEA51C3E9B7B0089F781 /* Base */,
			);
			name = LaunchScreen.storyboard;
			sourceTree = "<group>";
		};
/* End PBXVariantGroup section */

/* Begin XCBuildConfiguration section */
		86C4FEBE1C3E9B7C0089F781 /* Debug */ = {
			isa = XCBuildConfiguration;
			buildSettings = {
				ALWAYS_SEARCH_USER_PATHS = NO;
				CLANG_CXX_LANGUAGE_STANDARD = "gnu++0x";
				CLANG_CXX_LIBRARY = "libc++";
				CLANG_ENABLE_MODULES = YES;
				CLANG_ENABLE_OBJC_ARC = YES;
				CLANG_WARN_BOOL_CONVERSION = YES;
				CLANG_WARN_CONSTANT_CONVERSION = YES;
				CLANG_WARN_DIRECT_OBJC_ISA_USAGE = YES_ERROR;
				CLANG_WARN_EMPTY_BODY = YES;
				CLANG_WARN_ENUM_CONVERSION = YES;
				CLANG_WARN_INT_CONVERSION = YES;
				CLANG_WARN_OBJC_ROOT_CLASS = YES_ERROR;
				CLANG_WARN_UNREACHABLE_CODE = YES;
				CLANG_WARN__DUPLICATE_METHOD_MATCH = YES;
				"CODE_SIGN_IDENTITY[sdk=iphoneos*]" = "iPhone Developer";
				COPY_PHASE_STRIP = NO;
				DEBUG_INFORMATION_FORMAT = dwarf;
				ENABLE_STRICT_OBJC_MSGSEND = YES;
				ENABLE_TESTABILITY = YES;
				GCC_C_LANGUAGE_STANDARD = gnu99;
				GCC_DYNAMIC_NO_PIC = NO;
				GCC_NO_COMMON_BLOCKS = YES;
				GCC_OPTIMIZATION_LEVEL = 0;
				GCC_PREPROCESSOR_DEFINITIONS = (
					"DEBUG=1",
					"$(inherited)",
				);
				GCC_WARN_64_TO_32_BIT_CONVERSION = YES;
				GCC_WARN_ABOUT_RETURN_TYPE = YES_ERROR;
				GCC_WARN_UNDECLARED_SELECTOR = YES;
				GCC_WARN_UNINITIALIZED_AUTOS = YES_AGGRESSIVE;
				GCC_WARN_UNUSED_FUNCTION = YES;
				GCC_WARN_UNUSED_VARIABLE = YES;
				IPHONEOS_DEPLOYMENT_TARGET = 9.2;
				MTL_ENABLE_DEBUG_INFO = YES;
				ONLY_ACTIVE_ARCH = YES;
				SDKROOT = iphoneos;
				SWIFT_OPTIMIZATION_LEVEL = "-Onone";
				TARGETED_DEVICE_FAMILY = "1,2";
			};
			name = Debug;
		};
		86C4FEBF1C3E9B7C0089F781 /* Release */ = {
			isa = XCBuildConfiguration;
			buildSettings = {
				ALWAYS_SEARCH_USER_PATHS = NO;
				CLANG_CXX_LANGUAGE_STANDARD = "gnu++0x";
				CLANG_CXX_LIBRARY = "libc++";
				CLANG_ENABLE_MODULES = YES;
				CLANG_ENABLE_OBJC_ARC = YES;
				CLANG_WARN_BOOL_CONVERSION = YES;
				CLANG_WARN_CONSTANT_CONVERSION = YES;
				CLANG_WARN_DIRECT_OBJC_ISA_USAGE = YES_ERROR;
				CLANG_WARN_EMPTY_BODY = YES;
				CLANG_WARN_ENUM_CONVERSION = YES;
				CLANG_WARN_INT_CONVERSION = YES;
				CLANG_WARN_OBJC_ROOT_CLASS = YES_ERROR;
				CLANG_WARN_UNREACHABLE_CODE = YES;
				CLANG_WARN__DUPLICATE_METHOD_MATCH = YES;
				"CODE_SIGN_IDENTITY[sdk=iphoneos*]" = "iPhone Developer";
				COPY_PHASE_STRIP = NO;
				DEBUG_INFORMATION_FORMAT = "dwarf-with-dsym";
				ENABLE_NS_ASSERTIONS = NO;
				ENABLE_STRICT_OBJC_MSGSEND = YES;
				GCC_C_LANGUAGE_STANDARD = gnu99;
				GCC_NO_COMMON_BLOCKS = YES;
				GCC_WARN_64_TO_32_BIT_CONVERSION = YES;
				GCC_WARN_ABOUT_RETURN_TYPE = YES_ERROR;
				GCC_WARN_UNDECLARED_SELECTOR = YES;
				GCC_WARN_UNINITIALIZED_AUTOS = YES_AGGRESSIVE;
				GCC_WARN_UNUSED_FUNCTION = YES;
				GCC_WARN_UNUSED_VARIABLE = YES;
				IPHONEOS_DEPLOYMENT_TARGET = 9.2;
				MTL_ENABLE_DEBUG_INFO = NO;
				SDKROOT = iphoneos;
				TARGETED_DEVICE_FAMILY = "1,2";
				VALIDATE_PRODUCT = YES;
			};
			name = Release;
		};
		86C4FEC11C3E9B7C0089F781 /* Debug */ = {
			isa = XCBuildConfiguration;
			buildSettings = {
				ASSETCATALOG_COMPILER_APPICON_NAME = AppIcon;
				INFOPLIST_FILE = ProductWishlist/Info.plist;
				LD_RUNPATH_SEARCH_PATHS = "$(inherited) @executable_path/Frameworks";
				PRODUCT_BUNDLE_IDENTIFIER = com.DogHouseSoftware.ProductWishlist;
				PRODUCT_NAME = "$(TARGET_NAME)";
			};
			name = Debug;
		};
		86C4FEC21C3E9B7C0089F781 /* Release */ = {
			isa = XCBuildConfiguration;
			buildSettings = {
				ASSETCATALOG_COMPILER_APPICON_NAME = AppIcon;
				INFOPLIST_FILE = ProductWishlist/Info.plist;
				LD_RUNPATH_SEARCH_PATHS = "$(inherited) @executable_path/Frameworks";
				PRODUCT_BUNDLE_IDENTIFIER = com.DogHouseSoftware.ProductWishlist;
				PRODUCT_NAME = "$(TARGET_NAME)";
			};
			name = Release;
		};
		86C4FEC41C3E9B7C0089F781 /* Debug */ = {
			isa = XCBuildConfiguration;
			buildSettings = {
				BUNDLE_LOADER = "$(TEST_HOST)";
				INFOPLIST_FILE = ProductWishlistTests/Info.plist;
				LD_RUNPATH_SEARCH_PATHS = "$(inherited) @executable_path/Frameworks @loader_path/Frameworks";
				PRODUCT_BUNDLE_IDENTIFIER = com.DogHouseSoftware.ProductWishlistTests;
				PRODUCT_NAME = "$(TARGET_NAME)";
				TEST_HOST = "$(BUILT_PRODUCTS_DIR)/ProductWishlist.app/ProductWishlist";
			};
			name = Debug;
		};
		86C4FEC51C3E9B7C0089F781 /* Release */ = {
			isa = XCBuildConfiguration;
			buildSettings = {
				BUNDLE_LOADER = "$(TEST_HOST)";
				INFOPLIST_FILE = ProductWishlistTests/Info.plist;
				LD_RUNPATH_SEARCH_PATHS = "$(inherited) @executable_path/Frameworks @loader_path/Frameworks";
				PRODUCT_BUNDLE_IDENTIFIER = com.DogHouseSoftware.ProductWishlistTests;
				PRODUCT_NAME = "$(TARGET_NAME)";
				TEST_HOST = "$(BUILT_PRODUCTS_DIR)/ProductWishlist.app/ProductWishlist";
			};
			name = Release;
		};
		86C4FEC71C3E9B7C0089F781 /* Debug */ = {
			isa = XCBuildConfiguration;
			buildSettings = {
				INFOPLIST_FILE = ProductWishlistUITests/Info.plist;
				LD_RUNPATH_SEARCH_PATHS = "$(inherited) @executable_path/Frameworks @loader_path/Frameworks";
				PRODUCT_BUNDLE_IDENTIFIER = com.DogHouseSoftware.ProductWishlistUITests;
				PRODUCT_NAME = "$(TARGET_NAME)";
				TEST_TARGET_NAME = ProductWishlist;
				USES_XCTRUNNER = YES;
			};
			name = Debug;
		};
		86C4FEC81C3E9B7C0089F781 /* Release */ = {
			isa = XCBuildConfiguration;
			buildSettings = {
				INFOPLIST_FILE = ProductWishlistUITests/Info.plist;
				LD_RUNPATH_SEARCH_PATHS = "$(inherited) @executable_path/Frameworks @loader_path/Frameworks";
				PRODUCT_BUNDLE_IDENTIFIER = com.DogHouseSoftware.ProductWishlistUITests;
				PRODUCT_NAME = "$(TARGET_NAME)";
				TEST_TARGET_NAME = ProductWishlist;
				USES_XCTRUNNER = YES;
			};
			name = Release;
		};
/* End XCBuildConfiguration section */

/* Begin XCConfigurationList section */
		86C4FE901C3E9B7B0089F781 /* Build configuration list for PBXProject "ProductWishlist" */ = {
			isa = XCConfigurationList;
			buildConfigurations = (
				86C4FEBE1C3E9B7C0089F781 /* Debug */,
				86C4FEBF1C3E9B7C0089F781 /* Release */,
			);
			defaultConfigurationIsVisible = 0;
			defaultConfigurationName = Release;
		};
		86C4FEC01C3E9B7C0089F781 /* Build configuration list for PBXNativeTarget "ProductWishlist" */ = {
			isa = XCConfigurationList;
			buildConfigurations = (
				86C4FEC11C3E9B7C0089F781 /* Debug */,
				86C4FEC21C3E9B7C0089F781 /* Release */,
			);
			defaultConfigurationIsVisible = 0;
			defaultConfigurationName = Release;
		};
		86C4FEC31C3E9B7C0089F781 /* Build configuration list for PBXNativeTarget "ProductWishlistTests" */ = {
			isa = XCConfigurationList;
			buildConfigurations = (
				86C4FEC41C3E9B7C0089F781 /* Debug */,
				86C4FEC51C3E9B7C0089F781 /* Release */,
			);
			defaultConfigurationIsVisible = 0;
			defaultConfigurationName = Release;
		};
		86C4FEC61C3E9B7C0089F781 /* Build configuration list for PBXNativeTarget "ProductWishlistUITests" */ = {
			isa = XCConfigurationList;
			buildConfigurations = (
				86C4FEC71C3E9B7C0089F781 /* Debug */,
				86C4FEC81C3E9B7C0089F781 /* Release */,
			);
			defaultConfigurationIsVisible = 0;
			defaultConfigurationName = Release;
		};
/* End XCConfigurationList section */

/* Begin XCVersionGroup section */
		86C4FE9F1C3E9B7B0089F781 /* ProductWishlist.xcdatamodeld */ = {
			isa = XCVersionGroup;
			children = (
				86C4FEA01C3E9B7B0089F781 /* ProductWishlist.xcdatamodel */,
			);
			currentVersion = 86C4FEA01C3E9B7B0089F781 /* ProductWishlist.xcdatamodel */;
			path = ProductWishlist.xcdatamodeld;
			sourceTree = "<group>";
			versionGroupType = wrapper.xcdatamodel;
		};
/* End XCVersionGroup section */
	};
	rootObject = 86C4FE8D1C3E9B7B0089F781 /* Project object */;
}
